
Microsoft Visual Studio Solution File, Format Version 12.00
# Visual Studio Version 16
Project("{2150E333-8FDC-42A3-9474-1A3956D46DE8}") = "ApiGateway", "ApiGateway", "{94DFAB6D-9E8F-45BE-8FCE-EDA98CD8D976}"
EndProject
Project("{FAE04EC0-301F-11D3-BF4B-00C04F79EFBC}") = "ApiGateway", "Apigateway\ApiGateway\ApiGateway.csproj", "{FDFDE620-C490-4029-BBC1-95D8E799CDFB}"
EndProject
Project("{2150E333-8FDC-42A3-9474-1A3956D46DE8}") = "ProductService", "ProductService", "{BA24AE27-853B-4D10-BD6E-96EF79A31A12}"
EndProject
Project("{2150E333-8FDC-42A3-9474-1A3956D46DE8}") = "Shared", "Shared", "{9D1D98D8-A16E-45E1-AB5C-FCDB3EC7320F}"
EndProject
Project("{FAE04EC0-301F-11D3-BF4B-00C04F79EFBC}") = "Common", "Shared\Common\Common.csproj", "{7D12632B-95FD-4AB8-AFEF-41BF363A50FE}"
EndProject
Project("{FAE04EC0-301F-11D3-BF4B-00C04F79EFBC}") = "Paginate", "Shared\Paginate\Paginate.csproj", "{1982348A-5205-445D-B5F3-3832634D11E4}"
EndProject
Project("{FAE04EC0-301F-11D3-BF4B-00C04F79EFBC}") = "DataHelper", "Shared\DataHelper\DataHelper.csproj", "{31663787-263A-4676-98F3-8F3D9FD74EFE}"
EndProject
Project("{FAE04EC0-301F-11D3-BF4B-00C04F79EFBC}") = "Product.Domain", "ProductService\Product.Domain\Product.Domain.csproj", "{5C47E4D7-8168-48DF-91D4-30B6D6910077}"
EndProject
Project("{FAE04EC0-301F-11D3-BF4B-00C04F79EFBC}") = "Product.Data", "ProductService\Product.Data\Product.Data.csproj", "{BD1B778A-7623-4513-B9BB-83D04BC43F46}"
EndProject
Project("{FAE04EC0-301F-11D3-BF4B-00C04F79EFBC}") = "Product.Infrastructure", "ProductService\Product.Infrastructure\Product.Infrastructure.csproj", "{F32A897A-9359-4BCC-B938-AE7368EEA794}"
EndProject
Project("{FAE04EC0-301F-11D3-BF4B-00C04F79EFBC}") = "Product.Service", "ProductService\Product.Service\Product.Service.csproj", "{57990054-D45B-4F48-87C5-B2D69F7BC5AB}"
EndProject
Project("{FAE04EC0-301F-11D3-BF4B-00C04F79EFBC}") = "Product.API", "ProductService\Product.API\Product.API.csproj", "{4E93A2A8-EEA7-4604-B32C-F1CAD911CB2E}"
EndProject
Project("{FAE04EC0-301F-11D3-BF4B-00C04F79EFBC}") = "IdentityServer", "IdentityServer\IdentityServer\IdentityServer.csproj", "{7923801C-397D-431C-ACBE-04571ACEC5B6}"
EndProject
Project("{2150E333-8FDC-42A3-9474-1A3956D46DE8}") = "IdentityServer", "IdentityServer", "{C23226C9-F1C5-4E1E-8B2B-1D877994A8BF}"
EndProject
Project("{E53339B2-1760-4266-BCC7-CA923CBCF16C}") = "docker-compose", "docker-compose.dcproj", "{287FD7C8-006A-4E7B-9A5F-6DCE46656F2D}"
EndProject
Global
	GlobalSection(SolutionConfigurationPlatforms) = preSolution
		Debug|Any CPU = Debug|Any CPU
		Release|Any CPU = Release|Any CPU
	EndGlobalSection
	GlobalSection(ProjectConfigurationPlatforms) = postSolution
		{FDFDE620-C490-4029-BBC1-95D8E799CDFB}.Debug|Any CPU.ActiveCfg = Debug|Any CPU
		{FDFDE620-C490-4029-BBC1-95D8E799CDFB}.Debug|Any CPU.Build.0 = Debug|Any CPU
		{FDFDE620-C490-4029-BBC1-95D8E799CDFB}.Release|Any CPU.ActiveCfg = Release|Any CPU
		{FDFDE620-C490-4029-BBC1-95D8E799CDFB}.Release|Any CPU.Build.0 = Release|Any CPU
		{7D12632B-95FD-4AB8-AFEF-41BF363A50FE}.Debug|Any CPU.ActiveCfg = Debug|Any CPU
		{7D12632B-95FD-4AB8-AFEF-41BF363A50FE}.Debug|Any CPU.Build.0 = Debug|Any CPU
		{7D12632B-95FD-4AB8-AFEF-41BF363A50FE}.Release|Any CPU.ActiveCfg = Release|Any CPU
		{7D12632B-95FD-4AB8-AFEF-41BF363A50FE}.Release|Any CPU.Build.0 = Release|Any CPU
		{1982348A-5205-445D-B5F3-3832634D11E4}.Debug|Any CPU.ActiveCfg = Debug|Any CPU
		{1982348A-5205-445D-B5F3-3832634D11E4}.Debug|Any CPU.Build.0 = Debug|Any CPU
		{1982348A-5205-445D-B5F3-3832634D11E4}.Release|Any CPU.ActiveCfg = Release|Any CPU
		{1982348A-5205-445D-B5F3-3832634D11E4}.Release|Any CPU.Build.0 = Release|Any CPU
		{31663787-263A-4676-98F3-8F3D9FD74EFE}.Debug|Any CPU.ActiveCfg = Debug|Any CPU
		{31663787-263A-4676-98F3-8F3D9FD74EFE}.Debug|Any CPU.Build.0 = Debug|Any CPU
		{31663787-263A-4676-98F3-8F3D9FD74EFE}.Release|Any CPU.ActiveCfg = Release|Any CPU
		{31663787-263A-4676-98F3-8F3D9FD74EFE}.Release|Any CPU.Build.0 = Release|Any CPU
		{5C47E4D7-8168-48DF-91D4-30B6D6910077}.Debug|Any CPU.ActiveCfg = Debug|Any CPU
		{5C47E4D7-8168-48DF-91D4-30B6D6910077}.Debug|Any CPU.Build.0 = Debug|Any CPU
		{5C47E4D7-8168-48DF-91D4-30B6D6910077}.Release|Any CPU.ActiveCfg = Release|Any CPU
		{5C47E4D7-8168-48DF-91D4-30B6D6910077}.Release|Any CPU.Build.0 = Release|Any CPU
		{BD1B778A-7623-4513-B9BB-83D04BC43F46}.Debug|Any CPU.ActiveCfg = Debug|Any CPU
		{BD1B778A-7623-4513-B9BB-83D04BC43F46}.Debug|Any CPU.Build.0 = Debug|Any CPU
		{BD1B778A-7623-4513-B9BB-83D04BC43F46}.Release|Any CPU.ActiveCfg = Release|Any CPU
		{BD1B778A-7623-4513-B9BB-83D04BC43F46}.Release|Any CPU.Build.0 = Release|Any CPU
		{F32A897A-9359-4BCC-B938-AE7368EEA794}.Debug|Any CPU.ActiveCfg = Debug|Any CPU
		{F32A897A-9359-4BCC-B938-AE7368EEA794}.Debug|Any CPU.Build.0 = Debug|Any CPU
		{F32A897A-9359-4BCC-B938-AE7368EEA794}.Release|Any CPU.ActiveCfg = Release|Any CPU
		{F32A897A-9359-4BCC-B938-AE7368EEA794}.Release|Any CPU.Build.0 = Release|Any CPU
		{57990054-D45B-4F48-87C5-B2D69F7BC5AB}.Debug|Any CPU.ActiveCfg = Debug|Any CPU
		{57990054-D45B-4F48-87C5-B2D69F7BC5AB}.Debug|Any CPU.Build.0 = Debug|Any CPU
		{57990054-D45B-4F48-87C5-B2D69F7BC5AB}.Release|Any CPU.ActiveCfg = Release|Any CPU
		{57990054-D45B-4F48-87C5-B2D69F7BC5AB}.Release|Any CPU.Build.0 = Release|Any CPU
		{4E93A2A8-EEA7-4604-B32C-F1CAD911CB2E}.Debug|Any CPU.ActiveCfg = Debug|Any CPU
		{4E93A2A8-EEA7-4604-B32C-F1CAD911CB2E}.Debug|Any CPU.Build.0 = Debug|Any CPU
		{4E93A2A8-EEA7-4604-B32C-F1CAD911CB2E}.Release|Any CPU.ActiveCfg = Release|Any CPU
		{4E93A2A8-EEA7-4604-B32C-F1CAD911CB2E}.Release|Any CPU.Build.0 = Release|Any CPU
		{7923801C-397D-431C-ACBE-04571ACEC5B6}.Debug|Any CPU.ActiveCfg = Debug|Any CPU
		{7923801C-397D-431C-ACBE-04571ACEC5B6}.Debug|Any CPU.Build.0 = Debug|Any CPU
		{7923801C-397D-431C-ACBE-04571ACEC5B6}.Release|Any CPU.ActiveCfg = Release|Any CPU
		{7923801C-397D-431C-ACBE-04571ACEC5B6}.Release|Any CPU.Build.0 = Release|Any CPU
		{287FD7C8-006A-4E7B-9A5F-6DCE46656F2D}.Debug|Any CPU.ActiveCfg = Debug|Any CPU
		{287FD7C8-006A-4E7B-9A5F-6DCE46656F2D}.Debug|Any CPU.Build.0 = Debug|Any CPU
		{287FD7C8-006A-4E7B-9A5F-6DCE46656F2D}.Release|Any CPU.ActiveCfg = Release|Any CPU
		{287FD7C8-006A-4E7B-9A5F-6DCE46656F2D}.Release|Any CPU.Build.0 = Release|Any CPU
	EndGlobalSection
	GlobalSection(NestedProjects) = preSolution
		{FDFDE620-C490-4029-BBC1-95D8E799CDFB} = {94DFAB6D-9E8F-45BE-8FCE-EDA98CD8D976}
		{7D12632B-95FD-4AB8-AFEF-41BF363A50FE} = {9D1D98D8-A16E-45E1-AB5C-FCDB3EC7320F}
		{1982348A-5205-445D-B5F3-3832634D11E4} = {9D1D98D8-A16E-45E1-AB5C-FCDB3EC7320F}
		{31663787-263A-4676-98F3-8F3D9FD74EFE} = {9D1D98D8-A16E-45E1-AB5C-FCDB3EC7320F}
		{5C47E4D7-8168-48DF-91D4-30B6D6910077} = {BA24AE27-853B-4D10-BD6E-96EF79A31A12}
		{BD1B778A-7623-4513-B9BB-83D04BC43F46} = {BA24AE27-853B-4D10-BD6E-96EF79A31A12}
		{F32A897A-9359-4BCC-B938-AE7368EEA794} = {BA24AE27-853B-4D10-BD6E-96EF79A31A12}
		{57990054-D45B-4F48-87C5-B2D69F7BC5AB} = {BA24AE27-853B-4D10-BD6E-96EF79A31A12}
		{4E93A2A8-EEA7-4604-B32C-F1CAD911CB2E} = {BA24AE27-853B-4D10-BD6E-96EF79A31A12}
		{7923801C-397D-431C-ACBE-04571ACEC5B6} = {C23226C9-F1C5-4E1E-8B2B-1D877994A8BF}
	EndGlobalSection
EndGlobal
